
Microsoft Visual Studio Solution File, Format Version 12.00
# Visual Studio Version 16
VisualStudioVersion = 16.0.31613.86
MinimumVisualStudioVersion = 10.0.40219.1
Project("{FAE04EC0-301F-11D3-BF4B-00C04F79EFBC}") = "States-CardGame", "States-CardGame\States-CardGame.csproj", "{F995D9DC-5949-4749-8576-B02C1F2FC465}"
EndProject
Global
	GlobalSection(SolutionConfigurationPlatforms) = preSolution
		Debug|Any CPU = Debug|Any CPU
		Release|Any CPU = Release|Any CPU
	EndGlobalSection
	GlobalSection(ProjectConfigurationPlatforms) = postSolution
		{F995D9DC-5949-4749-8576-B02C1F2FC465}.Debug|Any CPU.ActiveCfg = Debug|Any CPU
		{F995D9DC-5949-4749-8576-B02C1F2FC465}.Debug|Any CPU.Build.0 = Debug|Any CPU
		{F995D9DC-5949-4749-8576-B02C1F2FC465}.Release|Any CPU.ActiveCfg = Release|Any CPU
		{F995D9DC-5949-4749-8576-B02C1F2FC465}.Release|Any CPU.Build.0 = Release|Any CPU
	EndGlobalSection
	GlobalSection(SolutionProperties) = preSolution
		HideSolutionNode = FALSE
	EndGlobalSection
	GlobalSection(ExtensibilityGlobals) = postSolution
		SolutionGuid = {12BD19E6-6C38-4A8A-8121-5B42798932BB}
	EndGlobalSection
EndGlobal
